
Microsoft Visual Studio Solution File, Format Version 12.00
Project("{FAE04EC0-301F-11D3-BF4B-00C04F79EFBC}") = "QuantumTele", "QuantumTele.csproj", "{A57AA7BA-4D62-4570-B7DC-E7A22176686F}"
EndProject
Global
	GlobalSection(SolutionConfigurationPlatforms) = preSolution
		Debug|Any CPU = Debug|Any CPU
		Release|Any CPU = Release|Any CPU
	EndGlobalSection
	GlobalSection(ProjectConfigurationPlatforms) = postSolution
		{A57AA7BA-4D62-4570-B7DC-E7A22176686F}.Debug|Any CPU.ActiveCfg = Debug|Any CPU
		{A57AA7BA-4D62-4570-B7DC-E7A22176686F}.Debug|Any CPU.Build.0 = Debug|Any CPU
		{A57AA7BA-4D62-4570-B7DC-E7A22176686F}.Release|Any CPU.ActiveCfg = Release|Any CPU
		{A57AA7BA-4D62-4570-B7DC-E7A22176686F}.Release|Any CPU.Build.0 = Release|Any CPU
	EndGlobalSection
EndGlobal
